
Microsoft Visual Studio Solution File, Format Version 12.00
# Visual Studio 15
VisualStudioVersion = 15.0.26124.0
MinimumVisualStudioVersion = 15.0.26124.0
Project("{2150E333-8FDC-42A3-9474-1A3956D46DE8}") = "src", "src", "{6A6A77D8-629C-4934-B725-5008C085DDE4}"
EndProject
Project("{FAE04EC0-301F-11D3-BF4B-00C04F79EFBC}") = "Names.API", "src\Names.API\Names.API.csproj", "{35E819DA-F649-44EC-B2A3-D87F651955BA}"
EndProject
Project("{FAE04EC0-301F-11D3-BF4B-00C04F79EFBC}") = "Names.Domain", "src\Names.Domain\Names.Domain.csproj", "{55D54E58-98C1-4528-B7A1-1DD79405F70E}"
EndProject
Project("{FAE04EC0-301F-11D3-BF4B-00C04F79EFBC}") = "Names.Infrastructure", "src\Names.Infrastructure\Names.Infrastructure.csproj", "{2E5FA80B-DB13-4C23-8D89-3518677085B0}"
EndProject
Project("{FAE04EC0-301F-11D3-BF4B-00C04F79EFBC}") = "Names.Web", "src\Names.Web\Names.Web.csproj", "{B2C3C387-FCEC-41BF-A71A-211DEDE323DD}"
EndProject
Global
	GlobalSection(SolutionConfigurationPlatforms) = preSolution
		Debug|Any CPU = Debug|Any CPU
		Debug|x64 = Debug|x64
		Debug|x86 = Debug|x86
		Release|Any CPU = Release|Any CPU
		Release|x64 = Release|x64
		Release|x86 = Release|x86
	EndGlobalSection
	GlobalSection(SolutionProperties) = preSolution
		HideSolutionNode = FALSE
	EndGlobalSection
	GlobalSection(ProjectConfigurationPlatforms) = postSolution
		{35E819DA-F649-44EC-B2A3-D87F651955BA}.Debug|Any CPU.ActiveCfg = Debug|Any CPU
		{35E819DA-F649-44EC-B2A3-D87F651955BA}.Debug|Any CPU.Build.0 = Debug|Any CPU
		{35E819DA-F649-44EC-B2A3-D87F651955BA}.Debug|x64.ActiveCfg = Debug|Any CPU
		{35E819DA-F649-44EC-B2A3-D87F651955BA}.Debug|x64.Build.0 = Debug|Any CPU
		{35E819DA-F649-44EC-B2A3-D87F651955BA}.Debug|x86.ActiveCfg = Debug|Any CPU
		{35E819DA-F649-44EC-B2A3-D87F651955BA}.Debug|x86.Build.0 = Debug|Any CPU
		{35E819DA-F649-44EC-B2A3-D87F651955BA}.Release|Any CPU.ActiveCfg = Release|Any CPU
		{35E819DA-F649-44EC-B2A3-D87F651955BA}.Release|Any CPU.Build.0 = Release|Any CPU
		{35E819DA-F649-44EC-B2A3-D87F651955BA}.Release|x64.ActiveCfg = Release|Any CPU
		{35E819DA-F649-44EC-B2A3-D87F651955BA}.Release|x64.Build.0 = Release|Any CPU
		{35E819DA-F649-44EC-B2A3-D87F651955BA}.Release|x86.ActiveCfg = Release|Any CPU
		{35E819DA-F649-44EC-B2A3-D87F651955BA}.Release|x86.Build.0 = Release|Any CPU
		{55D54E58-98C1-4528-B7A1-1DD79405F70E}.Debug|Any CPU.ActiveCfg = Debug|Any CPU
		{55D54E58-98C1-4528-B7A1-1DD79405F70E}.Debug|Any CPU.Build.0 = Debug|Any CPU
		{55D54E58-98C1-4528-B7A1-1DD79405F70E}.Debug|x64.ActiveCfg = Debug|Any CPU
		{55D54E58-98C1-4528-B7A1-1DD79405F70E}.Debug|x64.Build.0 = Debug|Any CPU
		{55D54E58-98C1-4528-B7A1-1DD79405F70E}.Debug|x86.ActiveCfg = Debug|Any CPU
		{55D54E58-98C1-4528-B7A1-1DD79405F70E}.Debug|x86.Build.0 = Debug|Any CPU
		{55D54E58-98C1-4528-B7A1-1DD79405F70E}.Release|Any CPU.ActiveCfg = Release|Any CPU
		{55D54E58-98C1-4528-B7A1-1DD79405F70E}.Release|Any CPU.Build.0 = Release|Any CPU
		{55D54E58-98C1-4528-B7A1-1DD79405F70E}.Release|x64.ActiveCfg = Release|Any CPU
		{55D54E58-98C1-4528-B7A1-1DD79405F70E}.Release|x64.Build.0 = Release|Any CPU
		{55D54E58-98C1-4528-B7A1-1DD79405F70E}.Release|x86.ActiveCfg = Release|Any CPU
		{55D54E58-98C1-4528-B7A1-1DD79405F70E}.Release|x86.Build.0 = Release|Any CPU
		{2E5FA80B-DB13-4C23-8D89-3518677085B0}.Debug|Any CPU.ActiveCfg = Debug|Any CPU
		{2E5FA80B-DB13-4C23-8D89-3518677085B0}.Debug|Any CPU.Build.0 = Debug|Any CPU
		{2E5FA80B-DB13-4C23-8D89-3518677085B0}.Debug|x64.ActiveCfg = Debug|Any CPU
		{2E5FA80B-DB13-4C23-8D89-3518677085B0}.Debug|x64.Build.0 = Debug|Any CPU
		{2E5FA80B-DB13-4C23-8D89-3518677085B0}.Debug|x86.ActiveCfg = Debug|Any CPU
		{2E5FA80B-DB13-4C23-8D89-3518677085B0}.Debug|x86.Build.0 = Debug|Any CPU
		{2E5FA80B-DB13-4C23-8D89-3518677085B0}.Release|Any CPU.ActiveCfg = Release|Any CPU
		{2E5FA80B-DB13-4C23-8D89-3518677085B0}.Release|Any CPU.Build.0 = Release|Any CPU
		{2E5FA80B-DB13-4C23-8D89-3518677085B0}.Release|x64.ActiveCfg = Release|Any CPU
		{2E5FA80B-DB13-4C23-8D89-3518677085B0}.Release|x64.Build.0 = Release|Any CPU
		{2E5FA80B-DB13-4C23-8D89-3518677085B0}.Release|x86.ActiveCfg = Release|Any CPU
		{2E5FA80B-DB13-4C23-8D89-3518677085B0}.Release|x86.Build.0 = Release|Any CPU
		{B2C3C387-FCEC-41BF-A71A-211DEDE323DD}.Debug|Any CPU.ActiveCfg = Debug|Any CPU
		{B2C3C387-FCEC-41BF-A71A-211DEDE323DD}.Debug|Any CPU.Build.0 = Debug|Any CPU
		{B2C3C387-FCEC-41BF-A71A-211DEDE323DD}.Debug|x64.ActiveCfg = Debug|Any CPU
		{B2C3C387-FCEC-41BF-A71A-211DEDE323DD}.Debug|x64.Build.0 = Debug|Any CPU
		{B2C3C387-FCEC-41BF-A71A-211DEDE323DD}.Debug|x86.ActiveCfg = Debug|Any CPU
		{B2C3C387-FCEC-41BF-A71A-211DEDE323DD}.Debug|x86.Build.0 = Debug|Any CPU
		{B2C3C387-FCEC-41BF-A71A-211DEDE323DD}.Release|Any CPU.ActiveCfg = Release|Any CPU
		{B2C3C387-FCEC-41BF-A71A-211DEDE323DD}.Release|Any CPU.Build.0 = Release|Any CPU
		{B2C3C387-FCEC-41BF-A71A-211DEDE323DD}.Release|x64.ActiveCfg = Release|Any CPU
		{B2C3C387-FCEC-41BF-A71A-211DEDE323DD}.Release|x64.Build.0 = Release|Any CPU
		{B2C3C387-FCEC-41BF-A71A-211DEDE323DD}.Release|x86.ActiveCfg = Release|Any CPU
		{B2C3C387-FCEC-41BF-A71A-211DEDE323DD}.Release|x86.Build.0 = Release|Any CPU
	EndGlobalSection
	GlobalSection(NestedProjects) = preSolution
		{35E819DA-F649-44EC-B2A3-D87F651955BA} = {6A6A77D8-629C-4934-B725-5008C085DDE4}
		{55D54E58-98C1-4528-B7A1-1DD79405F70E} = {6A6A77D8-629C-4934-B725-5008C085DDE4}
		{2E5FA80B-DB13-4C23-8D89-3518677085B0} = {6A6A77D8-629C-4934-B725-5008C085DDE4}
		{B2C3C387-FCEC-41BF-A71A-211DEDE323DD} = {6A6A77D8-629C-4934-B725-5008C085DDE4}
	EndGlobalSection
EndGlobal
